
Microsoft Visual Studio Solution File, Format Version 12.00
# Visual Studio Version 17
VisualStudioVersion = 17.2.32616.157
MinimumVisualStudioVersion = 10.0.40219.1
Project("{FAE04EC0-301F-11D3-BF4B-00C04F79EFBC}") = "TestiSerial", "TestiSerial\TestiSerial.csproj", "{B042DE3C-FDA3-41EE-AB0E-4B1A2F7D995B}"
EndProject
Global
	GlobalSection(SolutionConfigurationPlatforms) = preSolution
		Debug|Any CPU = Debug|Any CPU
		Release|Any CPU = Release|Any CPU
	EndGlobalSection
	GlobalSection(ProjectConfigurationPlatforms) = postSolution
		{B042DE3C-FDA3-41EE-AB0E-4B1A2F7D995B}.Debug|Any CPU.ActiveCfg = Debug|Any CPU
		{B042DE3C-FDA3-41EE-AB0E-4B1A2F7D995B}.Debug|Any CPU.Build.0 = Debug|Any CPU
		{B042DE3C-FDA3-41EE-AB0E-4B1A2F7D995B}.Release|Any CPU.ActiveCfg = Release|Any CPU
		{B042DE3C-FDA3-41EE-AB0E-4B1A2F7D995B}.Release|Any CPU.Build.0 = Release|Any CPU
	EndGlobalSection
	GlobalSection(SolutionProperties) = preSolution
		HideSolutionNode = FALSE
	EndGlobalSection
	GlobalSection(ExtensibilityGlobals) = postSolution
		SolutionGuid = {8E92BB9A-7B4B-4502-90F2-D43E5CC247AE}
	EndGlobalSection
EndGlobal
